// !$*UTF8*$!
{
	archiveVersion = 1;
	classes = {
	};
	objectVersion = 56;
	objects = {

/* Begin PBXBuildFile section */
		2901A9982AAE014B002F1DD9 /* FavouritesViewController.swift in Sources */ = {isa = PBXBuildFile; fileRef = 2901A9972AAE014B002F1DD9 /* FavouritesViewController.swift */; };
		2901A99A2AAE369B002F1DD9 /* ProfileViewController.swift in Sources */ = {isa = PBXBuildFile; fileRef = 2901A9992AAE369B002F1DD9 /* ProfileViewController.swift */; };
		2901A99C2AAF86F5002F1DD9 /* GoogleService-Info.plist in Resources */ = {isa = PBXBuildFile; fileRef = 2901A99B2AAF86F5002F1DD9 /* GoogleService-Info.plist */; };
		2901A99F2AAF8A27002F1DD9 /* FirebaseAuth in Frameworks */ = {isa = PBXBuildFile; productRef = 2901A99E2AAF8A27002F1DD9 /* FirebaseAuth */; };
		2901A9A22AB0CED1002F1DD9 /* Alamofire in Frameworks */ = {isa = PBXBuildFile; productRef = 2901A9A12AB0CED1002F1DD9 /* Alamofire */; };
		2901A9A42AB0D0CF002F1DD9 /* NewsResponse.swift in Sources */ = {isa = PBXBuildFile; fileRef = 2901A9A32AB0D0CF002F1DD9 /* NewsResponse.swift */; };
		2901A9AC2AB38315002F1DD9 /* FMDatabase.m in Sources */ = {isa = PBXBuildFile; fileRef = 2901A9AA2AB38315002F1DD9 /* FMDatabase.m */; };
		2901A9AD2AB38315002F1DD9 /* FMDatabaseAdditions.m in Sources */ = {isa = PBXBuildFile; fileRef = 2901A9AB2AB38315002F1DD9 /* FMDatabaseAdditions.m */; };
		2901A9B12AB38326002F1DD9 /* FMDatabasePool.m in Sources */ = {isa = PBXBuildFile; fileRef = 2901A9B02AB38326002F1DD9 /* FMDatabasePool.m */; };
		2901A9B42AB38330002F1DD9 /* FMDatabaseQueue.m in Sources */ = {isa = PBXBuildFile; fileRef = 2901A9B22AB38330002F1DD9 /* FMDatabaseQueue.m */; };
		2901A9B72AB3834C002F1DD9 /* FMResultSet.m in Sources */ = {isa = PBXBuildFile; fileRef = 2901A9B62AB3834B002F1DD9 /* FMResultSet.m */; };
		2901A9B92AB3847E002F1DD9 /* NewsRepository.swift in Sources */ = {isa = PBXBuildFile; fileRef = 2901A9B82AB3847E002F1DD9 /* NewsRepository.swift */; };
		2901A9BC2AB387CA002F1DD9 /* RxSwift in Frameworks */ = {isa = PBXBuildFile; productRef = 2901A9BB2AB387CA002F1DD9 /* RxSwift */; };
		2911650F2AADE7C4009F749E /* NewDetailViewController.swift in Sources */ = {isa = PBXBuildFile; fileRef = 2911650E2AADE7C4009F749E /* NewDetailViewController.swift */; };
		291165112AADE88C009F749E /* New.swift in Sources */ = {isa = PBXBuildFile; fileRef = 291165102AADE88C009F749E /* New.swift */; };
		29D72B1F2AA7A21600A43295 /* AppDelegate.swift in Sources */ = {isa = PBXBuildFile; fileRef = 29D72B1E2AA7A21600A43295 /* AppDelegate.swift */; };
		29D72B212AA7A21600A43295 /* SceneDelegate.swift in Sources */ = {isa = PBXBuildFile; fileRef = 29D72B202AA7A21600A43295 /* SceneDelegate.swift */; };
		29D72B262AA7A21600A43295 /* Main.storyboard in Resources */ = {isa = PBXBuildFile; fileRef = 29D72B242AA7A21600A43295 /* Main.storyboard */; };
		29D72B282AA7A21700A43295 /* Assets.xcassets in Resources */ = {isa = PBXBuildFile; fileRef = 29D72B272AA7A21700A43295 /* Assets.xcassets */; };
		29D72B2B2AA7A21700A43295 /* LaunchScreen.storyboard in Resources */ = {isa = PBXBuildFile; fileRef = 29D72B292AA7A21700A43295 /* LaunchScreen.storyboard */; };
		29D72B3E2AA7B46100A43295 /* OnboardingViewController.swift in Sources */ = {isa = PBXBuildFile; fileRef = 29D72B3D2AA7B46100A43295 /* OnboardingViewController.swift */; };
		29D72B412AAA4A3C00A43295 /* OnboardingCollectionViewCell.swift in Sources */ = {isa = PBXBuildFile; fileRef = 29D72B402AAA4A3C00A43295 /* OnboardingCollectionViewCell.swift */; };
		29D72B432AAA551E00A43295 /* LoginViewController.swift in Sources */ = {isa = PBXBuildFile; fileRef = 29D72B422AAA551E00A43295 /* LoginViewController.swift */; };
		29D72B452AAA6C8000A43295 /* SignUpViewController.swift in Sources */ = {isa = PBXBuildFile; fileRef = 29D72B442AAA6C8000A43295 /* SignUpViewController.swift */; };
		29D72B472AAA763B00A43295 /* ForgotPasswordViewController.swift in Sources */ = {isa = PBXBuildFile; fileRef = 29D72B462AAA763B00A43295 /* ForgotPasswordViewController.swift */; };
		29D72B492AAD8C5D00A43295 /* NewsPageViewController.swift in Sources */ = {isa = PBXBuildFile; fileRef = 29D72B482AAD8C5D00A43295 /* NewsPageViewController.swift */; };
		29D72B4B2AAD9F5400A43295 /* NewsCollectionViewCell.swift in Sources */ = {isa = PBXBuildFile; fileRef = 29D72B4A2AAD9F5400A43295 /* NewsCollectionViewCell.swift */; };
		29D72B4F2AADD04500A43295 /* NewsStoryboard.storyboard in Resources */ = {isa = PBXBuildFile; fileRef = 29D72B4E2AADD04500A43295 /* NewsStoryboard.storyboard */; };
/* End PBXBuildFile section */

/* Begin PBXFileReference section */
		2901A9972AAE014B002F1DD9 /* FavouritesViewController.swift */ = {isa = PBXFileReference; lastKnownFileType = sourcecode.swift; path = FavouritesViewController.swift; sourceTree = "<group>"; };
		2901A9992AAE369B002F1DD9 /* ProfileViewController.swift */ = {isa = PBXFileReference; lastKnownFileType = sourcecode.swift; path = ProfileViewController.swift; sourceTree = "<group>"; };
		2901A99B2AAF86F5002F1DD9 /* GoogleService-Info.plist */ = {isa = PBXFileReference; fileEncoding = 4; lastKnownFileType = text.plist.xml; path = "GoogleService-Info.plist"; sourceTree = "<group>"; };
		2901A9A32AB0D0CF002F1DD9 /* NewsResponse.swift */ = {isa = PBXFileReference; lastKnownFileType = sourcecode.swift; path = NewsResponse.swift; sourceTree = "<group>"; };
		2901A9A72AB38300002F1DD9 /* FMDatabase.h */ = {isa = PBXFileReference; fileEncoding = 4; lastKnownFileType = sourcecode.c.h; path = FMDatabase.h; sourceTree = "<group>"; };
		2901A9A82AB38314002F1DD9 /* NewsApp-Bridging-Header.h */ = {isa = PBXFileReference; lastKnownFileType = sourcecode.c.h; path = "NewsApp-Bridging-Header.h"; sourceTree = "<group>"; };
		2901A9A92AB38315002F1DD9 /* FMDatabaseAdditions.h */ = {isa = PBXFileReference; fileEncoding = 4; lastKnownFileType = sourcecode.c.h; path = FMDatabaseAdditions.h; sourceTree = "<group>"; };
		2901A9AA2AB38315002F1DD9 /* FMDatabase.m */ = {isa = PBXFileReference; fileEncoding = 4; lastKnownFileType = sourcecode.c.objc; path = FMDatabase.m; sourceTree = "<group>"; };
		2901A9AB2AB38315002F1DD9 /* FMDatabaseAdditions.m */ = {isa = PBXFileReference; fileEncoding = 4; lastKnownFileType = sourcecode.c.objc; path = FMDatabaseAdditions.m; sourceTree = "<group>"; };
		2901A9AE2AB38325002F1DD9 /* FMDatabaseQueue.h */ = {isa = PBXFileReference; fileEncoding = 4; lastKnownFileType = sourcecode.c.h; path = FMDatabaseQueue.h; sourceTree = "<group>"; };
		2901A9AF2AB38326002F1DD9 /* FMDatabasePool.h */ = {isa = PBXFileReference; fileEncoding = 4; lastKnownFileType = sourcecode.c.h; path = FMDatabasePool.h; sourceTree = "<group>"; };
		2901A9B02AB38326002F1DD9 /* FMDatabasePool.m */ = {isa = PBXFileReference; fileEncoding = 4; lastKnownFileType = sourcecode.c.objc; path = FMDatabasePool.m; sourceTree = "<group>"; };
		2901A9B22AB38330002F1DD9 /* FMDatabaseQueue.m */ = {isa = PBXFileReference; fileEncoding = 4; lastKnownFileType = sourcecode.c.objc; path = FMDatabaseQueue.m; sourceTree = "<group>"; };
		2901A9B32AB38330002F1DD9 /* FMDB.h */ = {isa = PBXFileReference; fileEncoding = 4; lastKnownFileType = sourcecode.c.h; path = FMDB.h; sourceTree = "<group>"; };
		2901A9B52AB38343002F1DD9 /* FMResultSet.h */ = {isa = PBXFileReference; fileEncoding = 4; lastKnownFileType = sourcecode.c.h; path = FMResultSet.h; sourceTree = "<group>"; };
		2901A9B62AB3834B002F1DD9 /* FMResultSet.m */ = {isa = PBXFileReference; fileEncoding = 4; lastKnownFileType = sourcecode.c.objc; path = FMResultSet.m; sourceTree = "<group>"; };
		2901A9B82AB3847E002F1DD9 /* NewsRepository.swift */ = {isa = PBXFileReference; lastKnownFileType = sourcecode.swift; path = NewsRepository.swift; sourceTree = "<group>"; };
		2911650E2AADE7C4009F749E /* NewDetailViewController.swift */ = {isa = PBXFileReference; lastKnownFileType = sourcecode.swift; path = NewDetailViewController.swift; sourceTree = "<group>"; };
		291165102AADE88C009F749E /* New.swift */ = {isa = PBXFileReference; lastKnownFileType = sourcecode.swift; path = New.swift; sourceTree = "<group>"; };
		29D72B1B2AA7A21600A43295 /* NewsApp.app */ = {isa = PBXFileReference; explicitFileType = wrapper.application; includeInIndex = 0; path = NewsApp.app; sourceTree = BUILT_PRODUCTS_DIR; };
		29D72B1E2AA7A21600A43295 /* AppDelegate.swift */ = {isa = PBXFileReference; lastKnownFileType = sourcecode.swift; path = AppDelegate.swift; sourceTree = "<group>"; };
		29D72B202AA7A21600A43295 /* SceneDelegate.swift */ = {isa = PBXFileReference; lastKnownFileType = sourcecode.swift; path = SceneDelegate.swift; sourceTree = "<group>"; };
		29D72B252AA7A21600A43295 /* Base */ = {isa = PBXFileReference; lastKnownFileType = file.storyboard; name = Base; path = Base.lproj/Main.storyboard; sourceTree = "<group>"; };
		29D72B272AA7A21700A43295 /* Assets.xcassets */ = {isa = PBXFileReference; lastKnownFileType = folder.assetcatalog; path = Assets.xcassets; sourceTree = "<group>"; };
		29D72B2A2AA7A21700A43295 /* Base */ = {isa = PBXFileReference; lastKnownFileType = file.storyboard; name = Base; path = Base.lproj/LaunchScreen.storyboard; sourceTree = "<group>"; };
		29D72B2C2AA7A21700A43295 /* Info.plist */ = {isa = PBXFileReference; lastKnownFileType = text.plist.xml; path = Info.plist; sourceTree = "<group>"; };
		29D72B322AA7A35800A43295 /* README.md */ = {isa = PBXFileReference; lastKnownFileType = net.daringfireball.markdown; path = README.md; sourceTree = "<group>"; };
		29D72B3D2AA7B46100A43295 /* OnboardingViewController.swift */ = {isa = PBXFileReference; lastKnownFileType = sourcecode.swift; path = OnboardingViewController.swift; sourceTree = "<group>"; };
		29D72B402AAA4A3C00A43295 /* OnboardingCollectionViewCell.swift */ = {isa = PBXFileReference; lastKnownFileType = sourcecode.swift; path = OnboardingCollectionViewCell.swift; sourceTree = "<group>"; };
		29D72B422AAA551E00A43295 /* LoginViewController.swift */ = {isa = PBXFileReference; lastKnownFileType = sourcecode.swift; path = LoginViewController.swift; sourceTree = "<group>"; };
		29D72B442AAA6C8000A43295 /* SignUpViewController.swift */ = {isa = PBXFileReference; lastKnownFileType = sourcecode.swift; path = SignUpViewController.swift; sourceTree = "<group>"; };
		29D72B462AAA763B00A43295 /* ForgotPasswordViewController.swift */ = {isa = PBXFileReference; lastKnownFileType = sourcecode.swift; path = ForgotPasswordViewController.swift; sourceTree = "<group>"; };
		29D72B482AAD8C5D00A43295 /* NewsPageViewController.swift */ = {isa = PBXFileReference; lastKnownFileType = sourcecode.swift; path = NewsPageViewController.swift; sourceTree = "<group>"; };
		29D72B4A2AAD9F5400A43295 /* NewsCollectionViewCell.swift */ = {isa = PBXFileReference; lastKnownFileType = sourcecode.swift; path = NewsCollectionViewCell.swift; sourceTree = "<group>"; };
		29D72B4E2AADD04500A43295 /* NewsStoryboard.storyboard */ = {isa = PBXFileReference; lastKnownFileType = file.storyboard; path = NewsStoryboard.storyboard; sourceTree = "<group>"; };
/* End PBXFileReference section */

/* Begin PBXFrameworksBuildPhase section */
		29D72B182AA7A21600A43295 /* Frameworks */ = {
			isa = PBXFrameworksBuildPhase;
			buildActionMask = 2147483647;
			files = (
				2901A9BC2AB387CA002F1DD9 /* RxSwift in Frameworks */,
				2901A99F2AAF8A27002F1DD9 /* FirebaseAuth in Frameworks */,
				2901A9A22AB0CED1002F1DD9 /* Alamofire in Frameworks */,
			);
			runOnlyForDeploymentPostprocessing = 0;
		};
/* End PBXFrameworksBuildPhase section */

/* Begin PBXGroup section */
		29D72B122AA7A21600A43295 = {
			isa = PBXGroup;
			children = (
				29D72B322AA7A35800A43295 /* README.md */,
				29D72B1D2AA7A21600A43295 /* NewsApp */,
				29D72B1C2AA7A21600A43295 /* Products */,
			);
			sourceTree = "<group>";
		};
		29D72B1C2AA7A21600A43295 /* Products */ = {
			isa = PBXGroup;
			children = (
				29D72B1B2AA7A21600A43295 /* NewsApp.app */,
			);
			name = Products;
			sourceTree = "<group>";
		};
		29D72B1D2AA7A21600A43295 /* NewsApp */ = {
			isa = PBXGroup;
			children = (
				29D72B3A2AA7B11700A43295 /* ui */,
				29D72B332AA7AF8D00A43295 /* data */,
				29D72B1E2AA7A21600A43295 /* AppDelegate.swift */,
				29D72B202AA7A21600A43295 /* SceneDelegate.swift */,
				29D72B242AA7A21600A43295 /* Main.storyboard */,
				29D72B4E2AADD04500A43295 /* NewsStoryboard.storyboard */,
				29D72B272AA7A21700A43295 /* Assets.xcassets */,
				29D72B292AA7A21700A43295 /* LaunchScreen.storyboard */,
				2901A9A72AB38300002F1DD9 /* FMDatabase.h */,
				2901A9AA2AB38315002F1DD9 /* FMDatabase.m */,
				2901A9A92AB38315002F1DD9 /* FMDatabaseAdditions.h */,
				2901A9AB2AB38315002F1DD9 /* FMDatabaseAdditions.m */,
				2901A9AF2AB38326002F1DD9 /* FMDatabasePool.h */,
				2901A9B02AB38326002F1DD9 /* FMDatabasePool.m */,
				2901A9AE2AB38325002F1DD9 /* FMDatabaseQueue.h */,
				2901A9B22AB38330002F1DD9 /* FMDatabaseQueue.m */,
				2901A9B32AB38330002F1DD9 /* FMDB.h */,
				2901A9B52AB38343002F1DD9 /* FMResultSet.h */,
				2901A9B62AB3834B002F1DD9 /* FMResultSet.m */,
				29D72B2C2AA7A21700A43295 /* Info.plist */,
				2901A99B2AAF86F5002F1DD9 /* GoogleService-Info.plist */,
				2901A9A82AB38314002F1DD9 /* NewsApp-Bridging-Header.h */,
			);
			path = NewsApp;
			sourceTree = "<group>";
		};
		29D72B332AA7AF8D00A43295 /* data */ = {
			isa = PBXGroup;
			children = (
				29D72B352AA7AFBF00A43295 /* remote */,
				29D72B342AA7AF9700A43295 /* local */,
			);
			path = data;
			sourceTree = "<group>";
		};
		29D72B342AA7AF9700A43295 /* local */ = {
			isa = PBXGroup;
			children = (
				29D72B372AA7AFF900A43295 /* entity */,
				29D72B362AA7AFEF00A43295 /* repository */,
			);
			path = local;
			sourceTree = "<group>";
		};
		29D72B352AA7AFBF00A43295 /* remote */ = {
			isa = PBXGroup;
			children = (
				29D72B392AA7B0FD00A43295 /* repository */,
				29D72B382AA7B0F600A43295 /* entity */,
			);
			path = remote;
			sourceTree = "<group>";
		};
		29D72B362AA7AFEF00A43295 /* repository */ = {
			isa = PBXGroup;
			children = (
			);
			path = repository;
			sourceTree = "<group>";
		};
		29D72B372AA7AFF900A43295 /* entity */ = {
			isa = PBXGroup;
			children = (
			);
			path = entity;
			sourceTree = "<group>";
		};
		29D72B382AA7B0F600A43295 /* entity */ = {
			isa = PBXGroup;
			children = (
				291165102AADE88C009F749E /* New.swift */,
				2901A9A32AB0D0CF002F1DD9 /* NewsResponse.swift */,
			);
			path = entity;
			sourceTree = "<group>";
		};
		29D72B392AA7B0FD00A43295 /* repository */ = {
			isa = PBXGroup;
			children = (
				2901A9B82AB3847E002F1DD9 /* NewsRepository.swift */,
			);
			path = repository;
			sourceTree = "<group>";
		};
		29D72B3A2AA7B11700A43295 /* ui */ = {
			isa = PBXGroup;
			children = (
				29D72B3F2AAA4A0E00A43295 /* cells */,
				29D72B3C2AA7B12C00A43295 /* view */,
				29D72B3B2AA7B12100A43295 /* viewModel */,
			);
			path = ui;
			sourceTree = "<group>";
		};
		29D72B3B2AA7B12100A43295 /* viewModel */ = {
			isa = PBXGroup;
			children = (
			);
			path = viewModel;
			sourceTree = "<group>";
		};
		29D72B3C2AA7B12C00A43295 /* view */ = {
			isa = PBXGroup;
			children = (
				29D72B3D2AA7B46100A43295 /* OnboardingViewController.swift */,
				29D72B422AAA551E00A43295 /* LoginViewController.swift */,
				29D72B442AAA6C8000A43295 /* SignUpViewController.swift */,
				29D72B462AAA763B00A43295 /* ForgotPasswordViewController.swift */,
				29D72B482AAD8C5D00A43295 /* NewsPageViewController.swift */,
				2911650E2AADE7C4009F749E /* NewDetailViewController.swift */,
				2901A9972AAE014B002F1DD9 /* FavouritesViewController.swift */,
				2901A9992AAE369B002F1DD9 /* ProfileViewController.swift */,
			);
			path = view;
			sourceTree = "<group>";
		};
		29D72B3F2AAA4A0E00A43295 /* cells */ = {
			isa = PBXGroup;
			children = (
				29D72B402AAA4A3C00A43295 /* OnboardingCollectionViewCell.swift */,
				29D72B4A2AAD9F5400A43295 /* NewsCollectionViewCell.swift */,
			);
			path = cells;
			sourceTree = "<group>";
		};
/* End PBXGroup section */

/* Begin PBXNativeTarget section */
		29D72B1A2AA7A21600A43295 /* NewsApp */ = {
			isa = PBXNativeTarget;
			buildConfigurationList = 29D72B2F2AA7A21700A43295 /* Build configuration list for PBXNativeTarget "NewsApp" */;
			buildPhases = (
				29D72B172AA7A21600A43295 /* Sources */,
				29D72B182AA7A21600A43295 /* Frameworks */,
				29D72B192AA7A21600A43295 /* Resources */,
			);
			buildRules = (
			);
			dependencies = (
			);
			name = NewsApp;
			packageProductDependencies = (
				2901A99E2AAF8A27002F1DD9 /* FirebaseAuth */,
				2901A9A12AB0CED1002F1DD9 /* Alamofire */,
				2901A9BB2AB387CA002F1DD9 /* RxSwift */,
			);
			productName = NewsApp;
			productReference = 29D72B1B2AA7A21600A43295 /* NewsApp.app */;
			productType = "com.apple.product-type.application";
		};
/* End PBXNativeTarget section */

/* Begin PBXProject section */
		29D72B132AA7A21600A43295 /* Project object */ = {
			isa = PBXProject;
			attributes = {
				BuildIndependentTargetsInParallel = 1;
				LastSwiftUpdateCheck = 1430;
				LastUpgradeCheck = 1430;
				TargetAttributes = {
					29D72B1A2AA7A21600A43295 = {
						CreatedOnToolsVersion = 14.3.1;
						LastSwiftMigration = 1430;
					};
				};
			};
			buildConfigurationList = 29D72B162AA7A21600A43295 /* Build configuration list for PBXProject "NewsApp" */;
			compatibilityVersion = "Xcode 14.0";
			developmentRegion = en;
			hasScannedForEncodings = 0;
			knownRegions = (
				en,
				Base,
			);
			mainGroup = 29D72B122AA7A21600A43295;
			packageReferences = (
				2901A99D2AAF8A27002F1DD9 /* XCRemoteSwiftPackageReference "firebase-ios-sdk" */,
				2901A9A02AB0CED0002F1DD9 /* XCRemoteSwiftPackageReference "Alamofire" */,
				2901A9BA2AB387CA002F1DD9 /* XCRemoteSwiftPackageReference "RxSwift" */,
			);
			productRefGroup = 29D72B1C2AA7A21600A43295 /* Products */;
			projectDirPath = "";
			projectRoot = "";
			targets = (
				29D72B1A2AA7A21600A43295 /* NewsApp */,
			);
		};
/* End PBXProject section */

/* Begin PBXResourcesBuildPhase section */
		29D72B192AA7A21600A43295 /* Resources */ = {
			isa = PBXResourcesBuildPhase;
			buildActionMask = 2147483647;
			files = (
				29D72B2B2AA7A21700A43295 /* LaunchScreen.storyboard in Resources */,
				29D72B282AA7A21700A43295 /* Assets.xcassets in Resources */,
				2901A99C2AAF86F5002F1DD9 /* GoogleService-Info.plist in Resources */,
				29D72B4F2AADD04500A43295 /* NewsStoryboard.storyboard in Resources */,
				29D72B262AA7A21600A43295 /* Main.storyboard in Resources */,
			);
			runOnlyForDeploymentPostprocessing = 0;
		};
/* End PBXResourcesBuildPhase section */

/* Begin PBXSourcesBuildPhase section */
		29D72B172AA7A21600A43295 /* Sources */ = {
			isa = PBXSourcesBuildPhase;
			buildActionMask = 2147483647;
			files = (
				2901A9982AAE014B002F1DD9 /* FavouritesViewController.swift in Sources */,
				29D72B492AAD8C5D00A43295 /* NewsPageViewController.swift in Sources */,
				29D72B452AAA6C8000A43295 /* SignUpViewController.swift in Sources */,
				2901A9AC2AB38315002F1DD9 /* FMDatabase.m in Sources */,
				2901A9B92AB3847E002F1DD9 /* NewsRepository.swift in Sources */,
				29D72B1F2AA7A21600A43295 /* AppDelegate.swift in Sources */,
				2901A9B72AB3834C002F1DD9 /* FMResultSet.m in Sources */,
				29D72B212AA7A21600A43295 /* SceneDelegate.swift in Sources */,
				29D72B3E2AA7B46100A43295 /* OnboardingViewController.swift in Sources */,
				2901A9AD2AB38315002F1DD9 /* FMDatabaseAdditions.m in Sources */,
				291165112AADE88C009F749E /* New.swift in Sources */,
				2901A9A42AB0D0CF002F1DD9 /* NewsResponse.swift in Sources */,
				29D72B432AAA551E00A43295 /* LoginViewController.swift in Sources */,
				29D72B472AAA763B00A43295 /* ForgotPasswordViewController.swift in Sources */,
				29D72B4B2AAD9F5400A43295 /* NewsCollectionViewCell.swift in Sources */,
				2901A99A2AAE369B002F1DD9 /* ProfileViewController.swift in Sources */,
				2911650F2AADE7C4009F749E /* NewDetailViewController.swift in Sources */,
				29D72B412AAA4A3C00A43295 /* OnboardingCollectionViewCell.swift in Sources */,
				2901A9B12AB38326002F1DD9 /* FMDatabasePool.m in Sources */,
				2901A9B42AB38330002F1DD9 /* FMDatabaseQueue.m in Sources */,
			);
			runOnlyForDeploymentPostprocessing = 0;
		};
/* End PBXSourcesBuildPhase section */

/* Begin PBXVariantGroup section */
		29D72B242AA7A21600A43295 /* Main.storyboard */ = {
			isa = PBXVariantGroup;
			children = (
				29D72B252AA7A21600A43295 /* Base */,
			);
			name = Main.storyboard;
			sourceTree = "<group>";
		};
		29D72B292AA7A21700A43295 /* LaunchScreen.storyboard */ = {
			isa = PBXVariantGroup;
			children = (
				29D72B2A2AA7A21700A43295 /* Base */,
			);
			name = LaunchScreen.storyboard;
			sourceTree = "<group>";
		};
/* End PBXVariantGroup section */

/* Begin XCBuildConfiguration section */
		29D72B2D2AA7A21700A43295 /* Debug */ = {
			isa = XCBuildConfiguration;
			buildSettings = {
				ALWAYS_SEARCH_USER_PATHS = NO;
				CLANG_ANALYZER_NONNULL = YES;
				CLANG_ANALYZER_NUMBER_OBJECT_CONVERSION = YES_AGGRESSIVE;
				CLANG_CXX_LANGUAGE_STANDARD = "gnu++20";
				CLANG_ENABLE_MODULES = YES;
				CLANG_ENABLE_OBJC_ARC = YES;
				CLANG_ENABLE_OBJC_WEAK = YES;
				CLANG_WARN_BLOCK_CAPTURE_AUTORELEASING = YES;
				CLANG_WARN_BOOL_CONVERSION = YES;
				CLANG_WARN_COMMA = YES;
				CLANG_WARN_CONSTANT_CONVERSION = YES;
				CLANG_WARN_DEPRECATED_OBJC_IMPLEMENTATIONS = YES;
				CLANG_WARN_DIRECT_OBJC_ISA_USAGE = YES_ERROR;
				CLANG_WARN_DOCUMENTATION_COMMENTS = YES;
				CLANG_WARN_EMPTY_BODY = YES;
				CLANG_WARN_ENUM_CONVERSION = YES;
				CLANG_WARN_INFINITE_RECURSION = YES;
				CLANG_WARN_INT_CONVERSION = YES;
				CLANG_WARN_NON_LITERAL_NULL_CONVERSION = YES;
				CLANG_WARN_OBJC_IMPLICIT_RETAIN_SELF = YES;
				CLANG_WARN_OBJC_LITERAL_CONVERSION = YES;
				CLANG_WARN_OBJC_ROOT_CLASS = YES_ERROR;
				CLANG_WARN_QUOTED_INCLUDE_IN_FRAMEWORK_HEADER = YES;
				CLANG_WARN_RANGE_LOOP_ANALYSIS = YES;
				CLANG_WARN_STRICT_PROTOTYPES = YES;
				CLANG_WARN_SUSPICIOUS_MOVE = YES;
				CLANG_WARN_UNGUARDED_AVAILABILITY = YES_AGGRESSIVE;
				CLANG_WARN_UNREACHABLE_CODE = YES;
				CLANG_WARN__DUPLICATE_METHOD_MATCH = YES;
				COPY_PHASE_STRIP = NO;
				DEBUG_INFORMATION_FORMAT = dwarf;
				ENABLE_STRICT_OBJC_MSGSEND = YES;
				ENABLE_TESTABILITY = YES;
				GCC_C_LANGUAGE_STANDARD = gnu11;
				GCC_DYNAMIC_NO_PIC = NO;
				GCC_NO_COMMON_BLOCKS = YES;
				GCC_OPTIMIZATION_LEVEL = 0;
				GCC_PREPROCESSOR_DEFINITIONS = (
					"DEBUG=1",
					"$(inherited)",
				);
				GCC_WARN_64_TO_32_BIT_CONVERSION = YES;
				GCC_WARN_ABOUT_RETURN_TYPE = YES_ERROR;
				GCC_WARN_UNDECLARED_SELECTOR = YES;
				GCC_WARN_UNINITIALIZED_AUTOS = YES_AGGRESSIVE;
				GCC_WARN_UNUSED_FUNCTION = YES;
				GCC_WARN_UNUSED_VARIABLE = YES;
				IPHONEOS_DEPLOYMENT_TARGET = 16.4;
				MTL_ENABLE_DEBUG_INFO = INCLUDE_SOURCE;
				MTL_FAST_MATH = YES;
				ONLY_ACTIVE_ARCH = YES;
				SDKROOT = iphoneos;
				SWIFT_ACTIVE_COMPILATION_CONDITIONS = DEBUG;
				SWIFT_OPTIMIZATION_LEVEL = "-Onone";
			};
			name = Debug;
		};
		29D72B2E2AA7A21700A43295 /* Release */ = {
			isa = XCBuildConfiguration;
			buildSettings = {
				ALWAYS_SEARCH_USER_PATHS = NO;
				CLANG_ANALYZER_NONNULL = YES;
				CLANG_ANALYZER_NUMBER_OBJECT_CONVERSION = YES_AGGRESSIVE;
				CLANG_CXX_LANGUAGE_STANDARD = "gnu++20";
				CLANG_ENABLE_MODULES = YES;
				CLANG_ENABLE_OBJC_ARC = YES;
				CLANG_ENABLE_OBJC_WEAK = YES;
				CLANG_WARN_BLOCK_CAPTURE_AUTORELEASING = YES;
				CLANG_WARN_BOOL_CONVERSION = YES;
				CLANG_WARN_COMMA = YES;
				CLANG_WARN_CONSTANT_CONVERSION = YES;
				CLANG_WARN_DEPRECATED_OBJC_IMPLEMENTATIONS = YES;
				CLANG_WARN_DIRECT_OBJC_ISA_USAGE = YES_ERROR;
				CLANG_WARN_DOCUMENTATION_COMMENTS = YES;
				CLANG_WARN_EMPTY_BODY = YES;
				CLANG_WARN_ENUM_CONVERSION = YES;
				CLANG_WARN_INFINITE_RECURSION = YES;
				CLANG_WARN_INT_CONVERSION = YES;
				CLANG_WARN_NON_LITERAL_NULL_CONVERSION = YES;
				CLANG_WARN_OBJC_IMPLICIT_RETAIN_SELF = YES;
				CLANG_WARN_OBJC_LITERAL_CONVERSION = YES;
				CLANG_WARN_OBJC_ROOT_CLASS = YES_ERROR;
				CLANG_WARN_QUOTED_INCLUDE_IN_FRAMEWORK_HEADER = YES;
				CLANG_WARN_RANGE_LOOP_ANALYSIS = YES;
				CLANG_WARN_STRICT_PROTOTYPES = YES;
				CLANG_WARN_SUSPICIOUS_MOVE = YES;
				CLANG_WARN_UNGUARDED_AVAILABILITY = YES_AGGRESSIVE;
				CLANG_WARN_UNREACHABLE_CODE = YES;
				CLANG_WARN__DUPLICATE_METHOD_MATCH = YES;
				COPY_PHASE_STRIP = NO;
				DEBUG_INFORMATION_FORMAT = "dwarf-with-dsym";
				ENABLE_NS_ASSERTIONS = NO;
				ENABLE_STRICT_OBJC_MSGSEND = YES;
				GCC_C_LANGUAGE_STANDARD = gnu11;
				GCC_NO_COMMON_BLOCKS = YES;
				GCC_WARN_64_TO_32_BIT_CONVERSION = YES;
				GCC_WARN_ABOUT_RETURN_TYPE = YES_ERROR;
				GCC_WARN_UNDECLARED_SELECTOR = YES;
				GCC_WARN_UNINITIALIZED_AUTOS = YES_AGGRESSIVE;
				GCC_WARN_UNUSED_FUNCTION = YES;
				GCC_WARN_UNUSED_VARIABLE = YES;
				IPHONEOS_DEPLOYMENT_TARGET = 16.4;
				MTL_ENABLE_DEBUG_INFO = NO;
				MTL_FAST_MATH = YES;
				SDKROOT = iphoneos;
				SWIFT_COMPILATION_MODE = wholemodule;
				SWIFT_OPTIMIZATION_LEVEL = "-O";
				VALIDATE_PRODUCT = YES;
			};
			name = Release;
		};
		29D72B302AA7A21700A43295 /* Debug */ = {
			isa = XCBuildConfiguration;
			buildSettings = {
				ASSETCATALOG_COMPILER_APPICON_NAME = AppIcon;
				ASSETCATALOG_COMPILER_GLOBAL_ACCENT_COLOR_NAME = AccentColor;
				CLANG_ENABLE_MODULES = YES;
				CODE_SIGN_STYLE = Automatic;
				CURRENT_PROJECT_VERSION = 1;
				GENERATE_INFOPLIST_FILE = YES;
				INFOPLIST_FILE = NewsApp/Info.plist;
				INFOPLIST_KEY_UIApplicationSupportsIndirectInputEvents = YES;
				INFOPLIST_KEY_UILaunchStoryboardName = LaunchScreen;
				INFOPLIST_KEY_UIMainStoryboardFile = Main;
				INFOPLIST_KEY_UISupportedInterfaceOrientations_iPad = "UIInterfaceOrientationPortrait UIInterfaceOrientationPortraitUpsideDown UIInterfaceOrientationLandscapeLeft UIInterfaceOrientationLandscapeRight";
				INFOPLIST_KEY_UISupportedInterfaceOrientations_iPhone = "UIInterfaceOrientationPortrait UIInterfaceOrientationLandscapeLeft UIInterfaceOrientationLandscapeRight";
				LD_RUNPATH_SEARCH_PATHS = (
					"$(inherited)",
					"@executable_path/Frameworks",
				);
				MARKETING_VERSION = 1.0;
				PRODUCT_BUNDLE_IDENTIFIER = yesiltas.NewsApp;
				PRODUCT_NAME = "$(TARGET_NAME)";
				SWIFT_EMIT_LOC_STRINGS = YES;
				SWIFT_OBJC_BRIDGING_HEADER = "NewsApp/NewsApp-Bridging-Header.h";
				SWIFT_OPTIMIZATION_LEVEL = "-Onone";
				SWIFT_VERSION = 5.0;
				TARGETED_DEVICE_FAMILY = "1,2";
			};
			name = Debug;
		};
		29D72B312AA7A21700A43295 /* Release */ = {
			isa = XCBuildConfiguration;
			buildSettings = {
				ASSETCATALOG_COMPILER_APPICON_NAME = AppIcon;
				ASSETCATALOG_COMPILER_GLOBAL_ACCENT_COLOR_NAME = AccentColor;
				CLANG_ENABLE_MODULES = YES;
				CODE_SIGN_STYLE = Automatic;
				CURRENT_PROJECT_VERSION = 1;
				GENERATE_INFOPLIST_FILE = YES;
				INFOPLIST_FILE = NewsApp/Info.plist;
				INFOPLIST_KEY_UIApplicationSupportsIndirectInputEvents = YES;
				INFOPLIST_KEY_UILaunchStoryboardName = LaunchScreen;
				INFOPLIST_KEY_UIMainStoryboardFile = Main;
				INFOPLIST_KEY_UISupportedInterfaceOrientations_iPad = "UIInterfaceOrientationPortrait UIInterfaceOrientationPortraitUpsideDown UIInterfaceOrientationLandscapeLeft UIInterfaceOrientationLandscapeRight";
				INFOPLIST_KEY_UISupportedInterfaceOrientations_iPhone = "UIInterfaceOrientationPortrait UIInterfaceOrientationLandscapeLeft UIInterfaceOrientationLandscapeRight";
				LD_RUNPATH_SEARCH_PATHS = (
					"$(inherited)",
					"@executable_path/Frameworks",
				);
				MARKETING_VERSION = 1.0;
				PRODUCT_BUNDLE_IDENTIFIER = yesiltas.NewsApp;
				PRODUCT_NAME = "$(TARGET_NAME)";
				SWIFT_EMIT_LOC_STRINGS = YES;
				SWIFT_OBJC_BRIDGING_HEADER = "NewsApp/NewsApp-Bridging-Header.h";
				SWIFT_VERSION = 5.0;
				TARGETED_DEVICE_FAMILY = "1,2";
			};
			name = Release;
		};
/* End XCBuildConfiguration section */

/* Begin XCConfigurationList section */
		29D72B162AA7A21600A43295 /* Build configuration list for PBXProject "NewsApp" */ = {
			isa = XCConfigurationList;
			buildConfigurations = (
				29D72B2D2AA7A21700A43295 /* Debug */,
				29D72B2E2AA7A21700A43295 /* Release */,
			);
			defaultConfigurationIsVisible = 0;
			defaultConfigurationName = Release;
		};
		29D72B2F2AA7A21700A43295 /* Build configuration list for PBXNativeTarget "NewsApp" */ = {
			isa = XCConfigurationList;
			buildConfigurations = (
				29D72B302AA7A21700A43295 /* Debug */,
				29D72B312AA7A21700A43295 /* Release */,
			);
			defaultConfigurationIsVisible = 0;
			defaultConfigurationName = Release;
		};
/* End XCConfigurationList section */

/* Begin XCRemoteSwiftPackageReference section */
		2901A99D2AAF8A27002F1DD9 /* XCRemoteSwiftPackageReference "firebase-ios-sdk" */ = {
			isa = XCRemoteSwiftPackageReference;
			repositoryURL = "https://github.com/firebase/firebase-ios-sdk";
			requirement = {
				kind = upToNextMajorVersion;
				minimumVersion = 10.0.0;
			};
		};
		2901A9A02AB0CED0002F1DD9 /* XCRemoteSwiftPackageReference "Alamofire" */ = {
			isa = XCRemoteSwiftPackageReference;
			repositoryURL = "https://github.com/Alamofire/Alamofire.git";
			requirement = {
				kind = upToNextMajorVersion;
				minimumVersion = 5.0.0;
			};
		};
		2901A9BA2AB387CA002F1DD9 /* XCRemoteSwiftPackageReference "RxSwift" */ = {
			isa = XCRemoteSwiftPackageReference;
			repositoryURL = "https://github.com/ReactiveX/RxSwift.git";
			requirement = {
				kind = upToNextMajorVersion;
				minimumVersion = 6.0.0;
			};
		};
/* End XCRemoteSwiftPackageReference section */

/* Begin XCSwiftPackageProductDependency section */
		2901A99E2AAF8A27002F1DD9 /* FirebaseAuth */ = {
			isa = XCSwiftPackageProductDependency;
			package = 2901A99D2AAF8A27002F1DD9 /* XCRemoteSwiftPackageReference "firebase-ios-sdk" */;
			productName = FirebaseAuth;
		};
		2901A9A12AB0CED1002F1DD9 /* Alamofire */ = {
			isa = XCSwiftPackageProductDependency;
			package = 2901A9A02AB0CED0002F1DD9 /* XCRemoteSwiftPackageReference "Alamofire" */;
			productName = Alamofire;
		};
		2901A9BB2AB387CA002F1DD9 /* RxSwift */ = {
			isa = XCSwiftPackageProductDependency;
			package = 2901A9BA2AB387CA002F1DD9 /* XCRemoteSwiftPackageReference "RxSwift" */;
			productName = RxSwift;
		};
/* End XCSwiftPackageProductDependency section */
	};
	rootObject = 29D72B132AA7A21600A43295 /* Project object */;
}
